
Microsoft Visual Studio Solution File, Format Version 12.00
# Visual Studio 15
VisualStudioVersion = 15.0.26228.12
MinimumVisualStudioVersion = 10.0.40219.1
Project("{FAE04EC0-301F-11D3-BF4B-00C04F79EFBC}") = "MovieProject.Common", "MovieProject.common\MovieProject.Common.csproj", "{F617BF7E-42C1-45CD-AE73-424AE796D7E6}"
EndProject
Project("{FAE04EC0-301F-11D3-BF4B-00C04F79EFBC}") = "MovieProject.Model", "MovieProject.Model\MovieProject.Model.csproj", "{C1DD7FED-69C6-41C1-A148-F31EFF7A9422}"
EndProject
Project("{FAE04EC0-301F-11D3-BF4B-00C04F79EFBC}") = "MovieProject.Data", "MovieProject.Data\MovieProject.Data.csproj", "{CA5F4251-165F-401D-B43B-038DB2012ABA}"
EndProject
Project("{FAE04EC0-301F-11D3-BF4B-00C04F79EFBC}") = "MovieProject.Service", "MovieProject.Service\MovieProject.Service.csproj", "{B045958C-9312-48FD-9995-5D8CAFD7D19E}"
EndProject
Project("{FAE04EC0-301F-11D3-BF4B-00C04F79EFBC}") = "MovieProject.UnitTest", "MovieProject.UnitTest\MovieProject.UnitTest.csproj", "{5C48F842-8830-402E-9D1B-FF6582F1BDFC}"
EndProject
Project("{FAE04EC0-301F-11D3-BF4B-00C04F79EFBC}") = "MovieProject.Web", "MovieProject.Web\MovieProject.Web.csproj", "{6DB5FA4F-B453-48F4-9204-A9C94AD59F09}"
EndProject
Global
	GlobalSection(SolutionConfigurationPlatforms) = preSolution
		Debug|Any CPU = Debug|Any CPU
		Release|Any CPU = Release|Any CPU
	EndGlobalSection
	GlobalSection(ProjectConfigurationPlatforms) = postSolution
		{F617BF7E-42C1-45CD-AE73-424AE796D7E6}.Debug|Any CPU.ActiveCfg = Debug|Any CPU
		{F617BF7E-42C1-45CD-AE73-424AE796D7E6}.Debug|Any CPU.Build.0 = Debug|Any CPU
		{F617BF7E-42C1-45CD-AE73-424AE796D7E6}.Release|Any CPU.ActiveCfg = Release|Any CPU
		{F617BF7E-42C1-45CD-AE73-424AE796D7E6}.Release|Any CPU.Build.0 = Release|Any CPU
		{C1DD7FED-69C6-41C1-A148-F31EFF7A9422}.Debug|Any CPU.ActiveCfg = Debug|Any CPU
		{C1DD7FED-69C6-41C1-A148-F31EFF7A9422}.Debug|Any CPU.Build.0 = Debug|Any CPU
		{C1DD7FED-69C6-41C1-A148-F31EFF7A9422}.Release|Any CPU.ActiveCfg = Release|Any CPU
		{C1DD7FED-69C6-41C1-A148-F31EFF7A9422}.Release|Any CPU.Build.0 = Release|Any CPU
		{CA5F4251-165F-401D-B43B-038DB2012ABA}.Debug|Any CPU.ActiveCfg = Debug|Any CPU
		{CA5F4251-165F-401D-B43B-038DB2012ABA}.Debug|Any CPU.Build.0 = Debug|Any CPU
		{CA5F4251-165F-401D-B43B-038DB2012ABA}.Release|Any CPU.ActiveCfg = Release|Any CPU
		{CA5F4251-165F-401D-B43B-038DB2012ABA}.Release|Any CPU.Build.0 = Release|Any CPU
		{B045958C-9312-48FD-9995-5D8CAFD7D19E}.Debug|Any CPU.ActiveCfg = Debug|Any CPU
		{B045958C-9312-48FD-9995-5D8CAFD7D19E}.Debug|Any CPU.Build.0 = Debug|Any CPU
		{B045958C-9312-48FD-9995-5D8CAFD7D19E}.Release|Any CPU.ActiveCfg = Release|Any CPU
		{B045958C-9312-48FD-9995-5D8CAFD7D19E}.Release|Any CPU.Build.0 = Release|Any CPU
		{5C48F842-8830-402E-9D1B-FF6582F1BDFC}.Debug|Any CPU.ActiveCfg = Debug|Any CPU
		{5C48F842-8830-402E-9D1B-FF6582F1BDFC}.Debug|Any CPU.Build.0 = Debug|Any CPU
		{5C48F842-8830-402E-9D1B-FF6582F1BDFC}.Release|Any CPU.ActiveCfg = Release|Any CPU
		{5C48F842-8830-402E-9D1B-FF6582F1BDFC}.Release|Any CPU.Build.0 = Release|Any CPU
		{6DB5FA4F-B453-48F4-9204-A9C94AD59F09}.Debug|Any CPU.ActiveCfg = Debug|Any CPU
		{6DB5FA4F-B453-48F4-9204-A9C94AD59F09}.Debug|Any CPU.Build.0 = Debug|Any CPU
		{6DB5FA4F-B453-48F4-9204-A9C94AD59F09}.Release|Any CPU.ActiveCfg = Release|Any CPU
		{6DB5FA4F-B453-48F4-9204-A9C94AD59F09}.Release|Any CPU.Build.0 = Release|Any CPU
	EndGlobalSection
	GlobalSection(SolutionProperties) = preSolution
		HideSolutionNode = FALSE
	EndGlobalSection
EndGlobal
